
Microsoft Visual Studio Solution File, Format Version 11.00
# Visual C++ Express 2010
Project("{8BC9CEB8-8B4A-11D0-8D11-00A0C91BC942}") = "CL_K01_1", "CL_K01_1\CL_K01_1.vcxproj", "{586706B3-5A7E-4D6E-BF88-0AB90E1F7C43}"
EndProject
Global
	GlobalSection(SolutionConfigurationPlatforms) = preSolution
		Debug|Win32 = Debug|Win32
		Release|Win32 = Release|Win32
	EndGlobalSection
	GlobalSection(ProjectConfigurationPlatforms) = postSolution
		{586706B3-5A7E-4D6E-BF88-0AB90E1F7C43}.Debug|Win32.ActiveCfg = Debug|Win32
		{586706B3-5A7E-4D6E-BF88-0AB90E1F7C43}.Debug|Win32.Build.0 = Debug|Win32
		{586706B3-5A7E-4D6E-BF88-0AB90E1F7C43}.Release|Win32.ActiveCfg = Release|Win32
		{586706B3-5A7E-4D6E-BF88-0AB90E1F7C43}.Release|Win32.Build.0 = Release|Win32
	EndGlobalSection
	GlobalSection(SolutionProperties) = preSolution
		HideSolutionNode = FALSE
	EndGlobalSection
EndGlobal
